
Microsoft Visual Studio Solution File, Format Version 12.00
# Visual Studio 15
VisualStudioVersion = 15.0.27004.2010
MinimumVisualStudioVersion = 10.0.40219.1
Project("{FAE04EC0-301F-11D3-BF4B-00C04F79EFBC}") = "AzureFunctions", "AzureFunctions\AzureFunctions.csproj", "{86298AEF-3C14-4241-BE77-1F035FE530AA}"
EndProject
Global
	GlobalSection(SolutionConfigurationPlatforms) = preSolution
		Debug|Any CPU = Debug|Any CPU
		Release|Any CPU = Release|Any CPU
	EndGlobalSection
	GlobalSection(ProjectConfigurationPlatforms) = postSolution
		{86298AEF-3C14-4241-BE77-1F035FE530AA}.Debug|Any CPU.ActiveCfg = Debug|Any CPU
		{86298AEF-3C14-4241-BE77-1F035FE530AA}.Debug|Any CPU.Build.0 = Debug|Any CPU
		{86298AEF-3C14-4241-BE77-1F035FE530AA}.Release|Any CPU.ActiveCfg = Release|Any CPU
		{86298AEF-3C14-4241-BE77-1F035FE530AA}.Release|Any CPU.Build.0 = Release|Any CPU
	EndGlobalSection
	GlobalSection(SolutionProperties) = preSolution
		HideSolutionNode = FALSE
	EndGlobalSection
	GlobalSection(ExtensibilityGlobals) = postSolution
		SolutionGuid = {125A923C-5857-4E5F-B433-5F34751B3966}
	EndGlobalSection
EndGlobal
